
Microsoft Visual Studio Solution File, Format Version 12.00
# Visual Studio Version 17
VisualStudioVersion = 17.0.31710.8
MinimumVisualStudioVersion = 10.0.40219.1
Project("{FAE04EC0-301F-11D3-BF4B-00C04F79EFBC}") = "BioBooking.MauiBlazor", "BioBooking.MauiBlazor\BioBooking.MauiBlazor.csproj", "{75E43520-C0B5-4FD3-B45F-2960BA6056EC}"
EndProject
Global
	GlobalSection(SolutionConfigurationPlatforms) = preSolution
		Debug|Any CPU = Debug|Any CPU
		Release|Any CPU = Release|Any CPU
	EndGlobalSection
	GlobalSection(ProjectConfigurationPlatforms) = postSolution
		{75E43520-C0B5-4FD3-B45F-2960BA6056EC}.Debug|Any CPU.ActiveCfg = Debug|Any CPU
		{75E43520-C0B5-4FD3-B45F-2960BA6056EC}.Debug|Any CPU.Build.0 = Debug|Any CPU
		{75E43520-C0B5-4FD3-B45F-2960BA6056EC}.Debug|Any CPU.Deploy.0 = Debug|Any CPU
		{75E43520-C0B5-4FD3-B45F-2960BA6056EC}.Release|Any CPU.ActiveCfg = Release|Any CPU
		{75E43520-C0B5-4FD3-B45F-2960BA6056EC}.Release|Any CPU.Build.0 = Release|Any CPU
	EndGlobalSection
	GlobalSection(SolutionProperties) = preSolution
		HideSolutionNode = FALSE
	EndGlobalSection
	GlobalSection(ExtensibilityGlobals) = postSolution
		SolutionGuid = {5E1E2F92-E019-4A26-B897-78321B9AFF32}
	EndGlobalSection
EndGlobal
